
Microsoft Visual Studio Solution File, Format Version 12.00
# Visual Studio Version 17
VisualStudioVersion = 17.14.36811.4 d17.14
MinimumVisualStudioVersion = 10.0.40219.1
Project("{8BC9CEB8-8B4A-11D0-8D11-00A0C91BC942}") = "RealEBStarter", "RealEBStarter\RealEBStarter.vcxproj", "{786B0A7D-D192-4FC9-84E3-229862CC47D2}"
EndProject
Project("{8BC9CEB8-8B4A-11D0-8D11-00A0C91BC942}") = "Detours", "..\Detours\vc\Detours.vcxproj", "{37489709-8054-4903-9C49-A79846049FC9}"
EndProject
Global
	GlobalSection(SolutionConfigurationPlatforms) = preSolution
		Debug|x64 = Debug|x64
		Debug|x86 = Debug|x86
		Release|x64 = Release|x64
		Release|x86 = Release|x86
	EndGlobalSection
	GlobalSection(ProjectConfigurationPlatforms) = postSolution
		{786B0A7D-D192-4FC9-84E3-229862CC47D2}.Debug|x64.ActiveCfg = Debug|x64
		{786B0A7D-D192-4FC9-84E3-229862CC47D2}.Debug|x64.Build.0 = Debug|x64
		{786B0A7D-D192-4FC9-84E3-229862CC47D2}.Debug|x86.ActiveCfg = Debug|Win32
		{786B0A7D-D192-4FC9-84E3-229862CC47D2}.Debug|x86.Build.0 = Debug|Win32
		{786B0A7D-D192-4FC9-84E3-229862CC47D2}.Release|x64.ActiveCfg = Release|x64
		{786B0A7D-D192-4FC9-84E3-229862CC47D2}.Release|x64.Build.0 = Release|x64
		{786B0A7D-D192-4FC9-84E3-229862CC47D2}.Release|x86.ActiveCfg = Release|Win32
		{786B0A7D-D192-4FC9-84E3-229862CC47D2}.Release|x86.Build.0 = Release|Win32
		{37489709-8054-4903-9C49-A79846049FC9}.Debug|x64.ActiveCfg = DebugMDd|x64
		{37489709-8054-4903-9C49-A79846049FC9}.Debug|x64.Build.0 = DebugMDd|x64
		{37489709-8054-4903-9C49-A79846049FC9}.Debug|x86.ActiveCfg = DebugMDd|Win32
		{37489709-8054-4903-9C49-A79846049FC9}.Debug|x86.Build.0 = DebugMDd|Win32
		{37489709-8054-4903-9C49-A79846049FC9}.Release|x64.ActiveCfg = ReleaseMD|x64
		{37489709-8054-4903-9C49-A79846049FC9}.Release|x64.Build.0 = ReleaseMD|x64
		{37489709-8054-4903-9C49-A79846049FC9}.Release|x86.ActiveCfg = ReleaseMD|Win32
		{37489709-8054-4903-9C49-A79846049FC9}.Release|x86.Build.0 = ReleaseMD|Win32
	EndGlobalSection
	GlobalSection(SolutionProperties) = preSolution
		HideSolutionNode = FALSE
	EndGlobalSection
	GlobalSection(ExtensibilityGlobals) = postSolution
		SolutionGuid = {41D29022-0B5E-479A-ADA8-14008A01DB49}
	EndGlobalSection
EndGlobal
